
Microsoft Visual Studio Solution File, Format Version 12.00
# Visual Studio Version 17
VisualStudioVersion = 17.3.32929.385
MinimumVisualStudioVersion = 10.0.40219.1
Project("{FAE04EC0-301F-11D3-BF4B-00C04F79EFBC}") = "WebApiAuthors", "WebApiAuthors\WebApiAuthors.csproj", "{87087241-048D-4165-8A85-2978FBD3DB4E}"
EndProject
Global
	GlobalSection(SolutionConfigurationPlatforms) = preSolution
		Debug|Any CPU = Debug|Any CPU
		Release|Any CPU = Release|Any CPU
	EndGlobalSection
	GlobalSection(ProjectConfigurationPlatforms) = postSolution
		{87087241-048D-4165-8A85-2978FBD3DB4E}.Debug|Any CPU.ActiveCfg = Debug|Any CPU
		{87087241-048D-4165-8A85-2978FBD3DB4E}.Debug|Any CPU.Build.0 = Debug|Any CPU
		{87087241-048D-4165-8A85-2978FBD3DB4E}.Release|Any CPU.ActiveCfg = Release|Any CPU
		{87087241-048D-4165-8A85-2978FBD3DB4E}.Release|Any CPU.Build.0 = Release|Any CPU
	EndGlobalSection
	GlobalSection(SolutionProperties) = preSolution
		HideSolutionNode = FALSE
	EndGlobalSection
	GlobalSection(ExtensibilityGlobals) = postSolution
		SolutionGuid = {11B56327-FABF-43F6-B89C-EA2FE102C967}
	EndGlobalSection
EndGlobal
